
Microsoft Visual Studio Solution File, Format Version 12.00
# Visual Studio Version 16
VisualStudioVersion = 16.0.29709.97
MinimumVisualStudioVersion = 10.0.40219.1
Project("{FAE04EC0-301F-11D3-BF4B-00C04F79EFBC}") = "PR3", "PR3\PR3.csproj", "{B0A7F32D-5E4E-4DCC-A4B1-D6424A757509}"
EndProject
Global
	GlobalSection(SolutionConfigurationPlatforms) = preSolution
		Debug|Any CPU = Debug|Any CPU
		Release|Any CPU = Release|Any CPU
	EndGlobalSection
	GlobalSection(ProjectConfigurationPlatforms) = postSolution
		{B0A7F32D-5E4E-4DCC-A4B1-D6424A757509}.Debug|Any CPU.ActiveCfg = Debug|Any CPU
		{B0A7F32D-5E4E-4DCC-A4B1-D6424A757509}.Debug|Any CPU.Build.0 = Debug|Any CPU
		{B0A7F32D-5E4E-4DCC-A4B1-D6424A757509}.Release|Any CPU.ActiveCfg = Release|Any CPU
		{B0A7F32D-5E4E-4DCC-A4B1-D6424A757509}.Release|Any CPU.Build.0 = Release|Any CPU
	EndGlobalSection
	GlobalSection(SolutionProperties) = preSolution
		HideSolutionNode = FALSE
	EndGlobalSection
	GlobalSection(ExtensibilityGlobals) = postSolution
		SolutionGuid = {BE0ED97A-9DA9-4F94-A355-1D7467C222E2}
	EndGlobalSection
EndGlobal
